// !$*UTF8*$!
{
	archiveVersion = 1;
	classes = {
	};
	objectVersion = 50;
	objects = {

/* Begin PBXBuildFile section */
		498B15662550B4560069EBB2 /* UltimateProjectApp.swift in Sources */ = {isa = PBXBuildFile; fileRef = 498B15652550B4560069EBB2 /* UltimateProjectApp.swift */; };
		498B15682550B4560069EBB2 /* ContentView.swift in Sources */ = {isa = PBXBuildFile; fileRef = 498B15672550B4560069EBB2 /* ContentView.swift */; };
		498B156A2550B4590069EBB2 /* Assets.xcassets in Resources */ = {isa = PBXBuildFile; fileRef = 498B15692550B4590069EBB2 /* Assets.xcassets */; };
		498B156D2550B4590069EBB2 /* Preview Assets.xcassets in Resources */ = {isa = PBXBuildFile; fileRef = 498B156C2550B4590069EBB2 /* Preview Assets.xcassets */; };
		498B15772550B47F0069EBB2 /* Main.xcdatamodeld in Sources */ = {isa = PBXBuildFile; fileRef = 498B15752550B47F0069EBB2 /* Main.xcdatamodeld */; };
		49E206A12550CB2800904DC4 /* DataController.swift in Sources */ = {isa = PBXBuildFile; fileRef = 49E206A02550CB2800904DC4 /* DataController.swift */; };
		49E206A72550D67700904DC4 /* CloudKit.framework in Frameworks */ = {isa = PBXBuildFile; fileRef = 49E206A62550D67700904DC4 /* CloudKit.framework */; };
		49E62C6C2551CA28006F2C47 /* HomeView.swift in Sources */ = {isa = PBXBuildFile; fileRef = 49E62C6B2551CA28006F2C47 /* HomeView.swift */; };
		49E62C6F2551CB58006F2C47 /* ProjectsView.swift in Sources */ = {isa = PBXBuildFile; fileRef = 49E62C6E2551CB58006F2C47 /* ProjectsView.swift */; };
/* End PBXBuildFile section */

/* Begin PBXFileReference section */
		498B15622550B4560069EBB2 /* UltimateProject.app */ = {isa = PBXFileReference; explicitFileType = wrapper.application; includeInIndex = 0; path = UltimateProject.app; sourceTree = BUILT_PRODUCTS_DIR; };
		498B15652550B4560069EBB2 /* UltimateProjectApp.swift */ = {isa = PBXFileReference; lastKnownFileType = sourcecode.swift; path = UltimateProjectApp.swift; sourceTree = "<group>"; };
		498B15672550B4560069EBB2 /* ContentView.swift */ = {isa = PBXFileReference; lastKnownFileType = sourcecode.swift; path = ContentView.swift; sourceTree = "<group>"; };
		498B15692550B4590069EBB2 /* Assets.xcassets */ = {isa = PBXFileReference; lastKnownFileType = folder.assetcatalog; path = Assets.xcassets; sourceTree = "<group>"; };
		498B156C2550B4590069EBB2 /* Preview Assets.xcassets */ = {isa = PBXFileReference; lastKnownFileType = folder.assetcatalog; path = "Preview Assets.xcassets"; sourceTree = "<group>"; };
		498B156E2550B4590069EBB2 /* Info.plist */ = {isa = PBXFileReference; lastKnownFileType = text.plist.xml; path = Info.plist; sourceTree = "<group>"; };
		498B15762550B47F0069EBB2 /* Main.xcdatamodel */ = {isa = PBXFileReference; lastKnownFileType = wrapper.xcdatamodel; path = Main.xcdatamodel; sourceTree = "<group>"; };
		49E206A02550CB2800904DC4 /* DataController.swift */ = {isa = PBXFileReference; lastKnownFileType = sourcecode.swift; path = DataController.swift; sourceTree = "<group>"; };
		49E206A32550D64800904DC4 /* UltimateProject.entitlements */ = {isa = PBXFileReference; lastKnownFileType = text.plist.entitlements; path = UltimateProject.entitlements; sourceTree = "<group>"; };
		49E206A62550D67700904DC4 /* CloudKit.framework */ = {isa = PBXFileReference; lastKnownFileType = wrapper.framework; name = CloudKit.framework; path = System/Library/Frameworks/CloudKit.framework; sourceTree = SDKROOT; };
		49E62C6B2551CA28006F2C47 /* HomeView.swift */ = {isa = PBXFileReference; lastKnownFileType = sourcecode.swift; path = HomeView.swift; sourceTree = "<group>"; };
		49E62C6E2551CB58006F2C47 /* ProjectsView.swift */ = {isa = PBXFileReference; lastKnownFileType = sourcecode.swift; path = ProjectsView.swift; sourceTree = "<group>"; };
/* End PBXFileReference section */

/* Begin PBXFrameworksBuildPhase section */
		498B155F2550B4560069EBB2 /* Frameworks */ = {
			isa = PBXFrameworksBuildPhase;
			buildActionMask = 2147483647;
			files = (
				49E206A72550D67700904DC4 /* CloudKit.framework in Frameworks */,
			);
			runOnlyForDeploymentPostprocessing = 0;
		};
/* End PBXFrameworksBuildPhase section */

/* Begin PBXGroup section */
		498B15592550B4560069EBB2 = {
			isa = PBXGroup;
			children = (
				498B15642550B4560069EBB2 /* UltimateProject */,
				498B15632550B4560069EBB2 /* Products */,
				49E206A52550D67700904DC4 /* Frameworks */,
			);
			sourceTree = "<group>";
		};
		498B15632550B4560069EBB2 /* Products */ = {
			isa = PBXGroup;
			children = (
				498B15622550B4560069EBB2 /* UltimateProject.app */,
			);
			name = Products;
			sourceTree = "<group>";
		};
		498B15642550B4560069EBB2 /* UltimateProject */ = {
			isa = PBXGroup;
			children = (
				49E206A32550D64800904DC4 /* UltimateProject.entitlements */,
				498B15652550B4560069EBB2 /* UltimateProjectApp.swift */,
				498B15672550B4560069EBB2 /* ContentView.swift */,
				49E62C6B2551CA28006F2C47 /* HomeView.swift */,
				49E62C6E2551CB58006F2C47 /* ProjectsView.swift */,
				498B15752550B47F0069EBB2 /* Main.xcdatamodeld */,
				49E206A02550CB2800904DC4 /* DataController.swift */,
				498B15692550B4590069EBB2 /* Assets.xcassets */,
				498B156E2550B4590069EBB2 /* Info.plist */,
				498B156B2550B4590069EBB2 /* Preview Content */,
			);
			path = UltimateProject;
			sourceTree = "<group>";
		};
		498B156B2550B4590069EBB2 /* Preview Content */ = {
			isa = PBXGroup;
			children = (
				498B156C2550B4590069EBB2 /* Preview Assets.xcassets */,
			);
			path = "Preview Content";
			sourceTree = "<group>";
		};
		49E206A52550D67700904DC4 /* Frameworks */ = {
			isa = PBXGroup;
			children = (
				49E206A62550D67700904DC4 /* CloudKit.framework */,
			);
			name = Frameworks;
			sourceTree = "<group>";
		};
/* End PBXGroup section */

/* Begin PBXNativeTarget section */
		498B15612550B4560069EBB2 /* UltimateProject */ = {
			isa = PBXNativeTarget;
			buildConfigurationList = 498B15712550B4590069EBB2 /* Build configuration list for PBXNativeTarget "UltimateProject" */;
			buildPhases = (
				498B155E2550B4560069EBB2 /* Sources */,
				498B155F2550B4560069EBB2 /* Frameworks */,
				498B15602550B4560069EBB2 /* Resources */,
			);
			buildRules = (
			);
			dependencies = (
			);
			name = UltimateProject;
			productName = UltimateProject;
			productReference = 498B15622550B4560069EBB2 /* UltimateProject.app */;
			productType = "com.apple.product-type.application";
		};
/* End PBXNativeTarget section */

/* Begin PBXProject section */
		498B155A2550B4560069EBB2 /* Project object */ = {
			isa = PBXProject;
			attributes = {
				LastSwiftUpdateCheck = 1210;
				LastUpgradeCheck = 1210;
				TargetAttributes = {
					498B15612550B4560069EBB2 = {
						CreatedOnToolsVersion = 12.1;
					};
				};
			};
			buildConfigurationList = 498B155D2550B4560069EBB2 /* Build configuration list for PBXProject "UltimateProject" */;
			compatibilityVersion = "Xcode 9.3";
			developmentRegion = en;
			hasScannedForEncodings = 0;
			knownRegions = (
				en,
				Base,
			);
			mainGroup = 498B15592550B4560069EBB2;
			productRefGroup = 498B15632550B4560069EBB2 /* Products */;
			projectDirPath = "";
			projectRoot = "";
			targets = (
				498B15612550B4560069EBB2 /* UltimateProject */,
			);
		};
/* End PBXProject section */

/* Begin PBXResourcesBuildPhase section */
		498B15602550B4560069EBB2 /* Resources */ = {
			isa = PBXResourcesBuildPhase;
			buildActionMask = 2147483647;
			files = (
				498B156D2550B4590069EBB2 /* Preview Assets.xcassets in Resources */,
				498B156A2550B4590069EBB2 /* Assets.xcassets in Resources */,
			);
			runOnlyForDeploymentPostprocessing = 0;
		};
/* End PBXResourcesBuildPhase section */

/* Begin PBXSourcesBuildPhase section */
		498B155E2550B4560069EBB2 /* Sources */ = {
			isa = PBXSourcesBuildPhase;
			buildActionMask = 2147483647;
			files = (
				49E62C6F2551CB58006F2C47 /* ProjectsView.swift in Sources */,
				498B15772550B47F0069EBB2 /* Main.xcdatamodeld in Sources */,
				49E206A12550CB2800904DC4 /* DataController.swift in Sources */,
				498B15682550B4560069EBB2 /* ContentView.swift in Sources */,
				49E62C6C2551CA28006F2C47 /* HomeView.swift in Sources */,
				498B15662550B4560069EBB2 /* UltimateProjectApp.swift in Sources */,
			);
			runOnlyForDeploymentPostprocessing = 0;
		};
/* End PBXSourcesBuildPhase section */

/* Begin XCBuildConfiguration section */
		498B156F2550B4590069EBB2 /* Debug */ = {
			isa = XCBuildConfiguration;
			buildSettings = {
				ALWAYS_SEARCH_USER_PATHS = NO;
				CLANG_ANALYZER_NONNULL = YES;
				CLANG_ANALYZER_NUMBER_OBJECT_CONVERSION = YES_AGGRESSIVE;
				CLANG_CXX_LANGUAGE_STANDARD = "gnu++14";
				CLANG_CXX_LIBRARY = "libc++";
				CLANG_ENABLE_MODULES = YES;
				CLANG_ENABLE_OBJC_ARC = YES;
				CLANG_ENABLE_OBJC_WEAK = YES;
				CLANG_WARN_BLOCK_CAPTURE_AUTORELEASING = YES;
				CLANG_WARN_BOOL_CONVERSION = YES;
				CLANG_WARN_COMMA = YES;
				CLANG_WARN_CONSTANT_CONVERSION = YES;
				CLANG_WARN_DEPRECATED_OBJC_IMPLEMENTATIONS = YES;
				CLANG_WARN_DIRECT_OBJC_ISA_USAGE = YES_ERROR;
				CLANG_WARN_DOCUMENTATION_COMMENTS = YES;
				CLANG_WARN_EMPTY_BODY = YES;
				CLANG_WARN_ENUM_CONVERSION = YES;
				CLANG_WARN_INFINITE_RECURSION = YES;
				CLANG_WARN_INT_CONVERSION = YES;
				CLANG_WARN_NON_LITERAL_NULL_CONVERSION = YES;
				CLANG_WARN_OBJC_IMPLICIT_RETAIN_SELF = YES;
				CLANG_WARN_OBJC_LITERAL_CONVERSION = YES;
				CLANG_WARN_OBJC_ROOT_CLASS = YES_ERROR;
				CLANG_WARN_QUOTED_INCLUDE_IN_FRAMEWORK_HEADER = YES;
				CLANG_WARN_RANGE_LOOP_ANALYSIS = YES;
				CLANG_WARN_STRICT_PROTOTYPES = YES;
				CLANG_WARN_SUSPICIOUS_MOVE = YES;
				CLANG_WARN_UNGUARDED_AVAILABILITY = YES_AGGRESSIVE;
				CLANG_WARN_UNREACHABLE_CODE = YES;
				CLANG_WARN__DUPLICATE_METHOD_MATCH = YES;
				COPY_PHASE_STRIP = NO;
				DEBUG_INFORMATION_FORMAT = dwarf;
				ENABLE_STRICT_OBJC_MSGSEND = YES;
				ENABLE_TESTABILITY = YES;
				GCC_C_LANGUAGE_STANDARD = gnu11;
				GCC_DYNAMIC_NO_PIC = NO;
				GCC_NO_COMMON_BLOCKS = YES;
				GCC_OPTIMIZATION_LEVEL = 0;
				GCC_PREPROCESSOR_DEFINITIONS = (
					"DEBUG=1",
					"$(inherited)",
				);
				GCC_WARN_64_TO_32_BIT_CONVERSION = YES;
				GCC_WARN_ABOUT_RETURN_TYPE = YES_ERROR;
				GCC_WARN_UNDECLARED_SELECTOR = YES;
				GCC_WARN_UNINITIALIZED_AUTOS = YES_AGGRESSIVE;
				GCC_WARN_UNUSED_FUNCTION = YES;
				GCC_WARN_UNUSED_VARIABLE = YES;
				IPHONEOS_DEPLOYMENT_TARGET = 14.1;
				MTL_ENABLE_DEBUG_INFO = INCLUDE_SOURCE;
				MTL_FAST_MATH = YES;
				ONLY_ACTIVE_ARCH = YES;
				SDKROOT = iphoneos;
				SWIFT_ACTIVE_COMPILATION_CONDITIONS = DEBUG;
				SWIFT_OPTIMIZATION_LEVEL = "-Onone";
			};
			name = Debug;
		};
		498B15702550B4590069EBB2 /* Release */ = {
			isa = XCBuildConfiguration;
			buildSettings = {
				ALWAYS_SEARCH_USER_PATHS = NO;
				CLANG_ANALYZER_NONNULL = YES;
				CLANG_ANALYZER_NUMBER_OBJECT_CONVERSION = YES_AGGRESSIVE;
				CLANG_CXX_LANGUAGE_STANDARD = "gnu++14";
				CLANG_CXX_LIBRARY = "libc++";
				CLANG_ENABLE_MODULES = YES;
				CLANG_ENABLE_OBJC_ARC = YES;
				CLANG_ENABLE_OBJC_WEAK = YES;
				CLANG_WARN_BLOCK_CAPTURE_AUTORELEASING = YES;
				CLANG_WARN_BOOL_CONVERSION = YES;
				CLANG_WARN_COMMA = YES;
				CLANG_WARN_CONSTANT_CONVERSION = YES;
				CLANG_WARN_DEPRECATED_OBJC_IMPLEMENTATIONS = YES;
				CLANG_WARN_DIRECT_OBJC_ISA_USAGE = YES_ERROR;
				CLANG_WARN_DOCUMENTATION_COMMENTS = YES;
				CLANG_WARN_EMPTY_BODY = YES;
				CLANG_WARN_ENUM_CONVERSION = YES;
				CLANG_WARN_INFINITE_RECURSION = YES;
				CLANG_WARN_INT_CONVERSION = YES;
				CLANG_WARN_NON_LITERAL_NULL_CONVERSION = YES;
				CLANG_WARN_OBJC_IMPLICIT_RETAIN_SELF = YES;
				CLANG_WARN_OBJC_LITERAL_CONVERSION = YES;
				CLANG_WARN_OBJC_ROOT_CLASS = YES_ERROR;
				CLANG_WARN_QUOTED_INCLUDE_IN_FRAMEWORK_HEADER = YES;
				CLANG_WARN_RANGE_LOOP_ANALYSIS = YES;
				CLANG_WARN_STRICT_PROTOTYPES = YES;
				CLANG_WARN_SUSPICIOUS_MOVE = YES;
				CLANG_WARN_UNGUARDED_AVAILABILITY = YES_AGGRESSIVE;
				CLANG_WARN_UNREACHABLE_CODE = YES;
				CLANG_WARN__DUPLICATE_METHOD_MATCH = YES;
				COPY_PHASE_STRIP = NO;
				DEBUG_INFORMATION_FORMAT = "dwarf-with-dsym";
				ENABLE_NS_ASSERTIONS = NO;
				ENABLE_STRICT_OBJC_MSGSEND = YES;
				GCC_C_LANGUAGE_STANDARD = gnu11;
				GCC_NO_COMMON_BLOCKS = YES;
				GCC_WARN_64_TO_32_BIT_CONVERSION = YES;
				GCC_WARN_ABOUT_RETURN_TYPE = YES_ERROR;
				GCC_WARN_UNDECLARED_SELECTOR = YES;
				GCC_WARN_UNINITIALIZED_AUTOS = YES_AGGRESSIVE;
				GCC_WARN_UNUSED_FUNCTION = YES;
				GCC_WARN_UNUSED_VARIABLE = YES;
				IPHONEOS_DEPLOYMENT_TARGET = 14.1;
				MTL_ENABLE_DEBUG_INFO = NO;
				MTL_FAST_MATH = YES;
				SDKROOT = iphoneos;
				SWIFT_COMPILATION_MODE = wholemodule;
				SWIFT_OPTIMIZATION_LEVEL = "-O";
				VALIDATE_PRODUCT = YES;
			};
			name = Release;
		};
		498B15722550B4590069EBB2 /* Debug */ = {
			isa = XCBuildConfiguration;
			buildSettings = {
				ASSETCATALOG_COMPILER_APPICON_NAME = AppIcon;
				ASSETCATALOG_COMPILER_GLOBAL_ACCENT_COLOR_NAME = AccentColor;
				CODE_SIGN_ENTITLEMENTS = UltimateProject/UltimateProject.entitlements;
				CODE_SIGN_STYLE = Automatic;
				DEVELOPMENT_ASSET_PATHS = "\"UltimateProject/Preview Content\"";
				DEVELOPMENT_TEAM = X92A6859RQ;
				ENABLE_PREVIEWS = YES;
				INFOPLIST_FILE = UltimateProject/Info.plist;
				IPHONEOS_DEPLOYMENT_TARGET = 14.0;
				LD_RUNPATH_SEARCH_PATHS = (
					"$(inherited)",
					"@executable_path/Frameworks",
				);
				PRODUCT_BUNDLE_IDENTIFIER = com.xpaso.UltimateProject;
				PRODUCT_NAME = "$(TARGET_NAME)";
				SWIFT_VERSION = 5.0;
				TARGETED_DEVICE_FAMILY = "1,2";
			};
			name = Debug;
		};
		498B15732550B4590069EBB2 /* Release */ = {
			isa = XCBuildConfiguration;
			buildSettings = {
				ASSETCATALOG_COMPILER_APPICON_NAME = AppIcon;
				ASSETCATALOG_COMPILER_GLOBAL_ACCENT_COLOR_NAME = AccentColor;
				CODE_SIGN_ENTITLEMENTS = UltimateProject/UltimateProject.entitlements;
				CODE_SIGN_STYLE = Automatic;
				DEVELOPMENT_ASSET_PATHS = "\"UltimateProject/Preview Content\"";
				DEVELOPMENT_TEAM = X92A6859RQ;
				ENABLE_PREVIEWS = YES;
				INFOPLIST_FILE = UltimateProject/Info.plist;
				IPHONEOS_DEPLOYMENT_TARGET = 14.0;
				LD_RUNPATH_SEARCH_PATHS = (
					"$(inherited)",
					"@executable_path/Frameworks",
				);
				PRODUCT_BUNDLE_IDENTIFIER = com.xpaso.UltimateProject;
				PRODUCT_NAME = "$(TARGET_NAME)";
				SWIFT_VERSION = 5.0;
				TARGETED_DEVICE_FAMILY = "1,2";
			};
			name = Release;
		};
/* End XCBuildConfiguration section */

/* Begin XCConfigurationList section */
		498B155D2550B4560069EBB2 /* Build configuration list for PBXProject "UltimateProject" */ = {
			isa = XCConfigurationList;
			buildConfigurations = (
				498B156F2550B4590069EBB2 /* Debug */,
				498B15702550B4590069EBB2 /* Release */,
			);
			defaultConfigurationIsVisible = 0;
			defaultConfigurationName = Release;
		};
		498B15712550B4590069EBB2 /* Build configuration list for PBXNativeTarget "UltimateProject" */ = {
			isa = XCConfigurationList;
			buildConfigurations = (
				498B15722550B4590069EBB2 /* Debug */,
				498B15732550B4590069EBB2 /* Release */,
			);
			defaultConfigurationIsVisible = 0;
			defaultConfigurationName = Release;
		};
/* End XCConfigurationList section */

/* Begin XCVersionGroup section */
		498B15752550B47F0069EBB2 /* Main.xcdatamodeld */ = {
			isa = XCVersionGroup;
			children = (
				498B15762550B47F0069EBB2 /* Main.xcdatamodel */,
			);
			currentVersion = 498B15762550B47F0069EBB2 /* Main.xcdatamodel */;
			path = Main.xcdatamodeld;
			sourceTree = "<group>";
			versionGroupType = wrapper.xcdatamodel;
		};
/* End XCVersionGroup section */
	};
	rootObject = 498B155A2550B4560069EBB2 /* Project object */;
}
